// !$*UTF8*$!
{
	archiveVersion = 1;
	classes = {
	};
	objectVersion = 56;
	objects = {

/* Begin PBXBuildFile section */
		543B9E3E2A92683200380E9B /* iOS_client_Blind_GQ_IBI_RuntimesApp.swift in Sources */ = {isa = PBXBuildFile; fileRef = 543B9E3D2A92683200380E9B /* iOS_client_Blind_GQ_IBI_RuntimesApp.swift */; };
		543B9E402A92683200380E9B /* ContentView.swift in Sources */ = {isa = PBXBuildFile; fileRef = 543B9E3F2A92683200380E9B /* ContentView.swift */; };
		543B9E422A92683300380E9B /* Assets.xcassets in Resources */ = {isa = PBXBuildFile; fileRef = 543B9E412A92683300380E9B /* Assets.xcassets */; };
		543B9E452A92683300380E9B /* Preview Assets.xcassets in Resources */ = {isa = PBXBuildFile; fileRef = 543B9E442A92683300380E9B /* Preview Assets.xcassets */; };
		543B9E4D2A92685300380E9B /* Starscream in Frameworks */ = {isa = PBXBuildFile; productRef = 543B9E4C2A92685300380E9B /* Starscream */; };
		543B9E502A92687900380E9B /* CryptoSwift in Frameworks */ = {isa = PBXBuildFile; productRef = 543B9E4F2A92687900380E9B /* CryptoSwift */; };
		543B9E522A92689100380E9B /* myUserClass.swift in Sources */ = {isa = PBXBuildFile; fileRef = 543B9E512A92689100380E9B /* myUserClass.swift */; };
		543B9E542A9268D500380E9B /* myCryptoFunctions.swift in Sources */ = {isa = PBXBuildFile; fileRef = 543B9E532A9268D500380E9B /* myCryptoFunctions.swift */; };
		543B9E562A92690100380E9B /* myWebSocketFunctions.swift in Sources */ = {isa = PBXBuildFile; fileRef = 543B9E552A92690100380E9B /* myWebSocketFunctions.swift */; };
/* End PBXBuildFile section */

/* Begin PBXFileReference section */
		543B9E3A2A92683200380E9B /* iOS client Blind GQ-IBI Runtimes.app */ = {isa = PBXFileReference; explicitFileType = wrapper.application; includeInIndex = 0; path = "iOS client Blind GQ-IBI Runtimes.app"; sourceTree = BUILT_PRODUCTS_DIR; };
		543B9E3D2A92683200380E9B /* iOS_client_Blind_GQ_IBI_RuntimesApp.swift */ = {isa = PBXFileReference; lastKnownFileType = sourcecode.swift; path = iOS_client_Blind_GQ_IBI_RuntimesApp.swift; sourceTree = "<group>"; };
		543B9E3F2A92683200380E9B /* ContentView.swift */ = {isa = PBXFileReference; lastKnownFileType = sourcecode.swift; path = ContentView.swift; sourceTree = "<group>"; };
		543B9E412A92683300380E9B /* Assets.xcassets */ = {isa = PBXFileReference; lastKnownFileType = folder.assetcatalog; path = Assets.xcassets; sourceTree = "<group>"; };
		543B9E442A92683300380E9B /* Preview Assets.xcassets */ = {isa = PBXFileReference; lastKnownFileType = folder.assetcatalog; path = "Preview Assets.xcassets"; sourceTree = "<group>"; };
		543B9E512A92689100380E9B /* myUserClass.swift */ = {isa = PBXFileReference; lastKnownFileType = sourcecode.swift; path = myUserClass.swift; sourceTree = "<group>"; };
		543B9E532A9268D500380E9B /* myCryptoFunctions.swift */ = {isa = PBXFileReference; lastKnownFileType = sourcecode.swift; path = myCryptoFunctions.swift; sourceTree = "<group>"; };
		543B9E552A92690100380E9B /* myWebSocketFunctions.swift */ = {isa = PBXFileReference; lastKnownFileType = sourcecode.swift; path = myWebSocketFunctions.swift; sourceTree = "<group>"; };
/* End PBXFileReference section */

/* Begin PBXFrameworksBuildPhase section */
		543B9E372A92683200380E9B /* Frameworks */ = {
			isa = PBXFrameworksBuildPhase;
			buildActionMask = 2147483647;
			files = (
				543B9E4D2A92685300380E9B /* Starscream in Frameworks */,
				543B9E502A92687900380E9B /* CryptoSwift in Frameworks */,
			);
			runOnlyForDeploymentPostprocessing = 0;
		};
/* End PBXFrameworksBuildPhase section */

/* Begin PBXGroup section */
		543B9E312A92683200380E9B = {
			isa = PBXGroup;
			children = (
				543B9E552A92690100380E9B /* myWebSocketFunctions.swift */,
				543B9E3C2A92683200380E9B /* iOS client Blind GQ-IBI Runtimes */,
				543B9E3B2A92683200380E9B /* Products */,
			);
			sourceTree = "<group>";
		};
		543B9E3B2A92683200380E9B /* Products */ = {
			isa = PBXGroup;
			children = (
				543B9E3A2A92683200380E9B /* iOS client Blind GQ-IBI Runtimes.app */,
			);
			name = Products;
			sourceTree = "<group>";
		};
		543B9E3C2A92683200380E9B /* iOS client Blind GQ-IBI Runtimes */ = {
			isa = PBXGroup;
			children = (
				543B9E3D2A92683200380E9B /* iOS_client_Blind_GQ_IBI_RuntimesApp.swift */,
				543B9E3F2A92683200380E9B /* ContentView.swift */,
				543B9E512A92689100380E9B /* myUserClass.swift */,
				543B9E532A9268D500380E9B /* myCryptoFunctions.swift */,
				543B9E412A92683300380E9B /* Assets.xcassets */,
				543B9E432A92683300380E9B /* Preview Content */,
			);
			path = "iOS client Blind GQ-IBI Runtimes";
			sourceTree = "<group>";
		};
		543B9E432A92683300380E9B /* Preview Content */ = {
			isa = PBXGroup;
			children = (
				543B9E442A92683300380E9B /* Preview Assets.xcassets */,
			);
			path = "Preview Content";
			sourceTree = "<group>";
		};
/* End PBXGroup section */

/* Begin PBXNativeTarget section */
		543B9E392A92683200380E9B /* iOS client Blind GQ-IBI Runtimes */ = {
			isa = PBXNativeTarget;
			buildConfigurationList = 543B9E482A92683300380E9B /* Build configuration list for PBXNativeTarget "iOS client Blind GQ-IBI Runtimes" */;
			buildPhases = (
				543B9E362A92683200380E9B /* Sources */,
				543B9E372A92683200380E9B /* Frameworks */,
				543B9E382A92683200380E9B /* Resources */,
			);
			buildRules = (
			);
			dependencies = (
			);
			name = "iOS client Blind GQ-IBI Runtimes";
			packageProductDependencies = (
				543B9E4C2A92685300380E9B /* Starscream */,
				543B9E4F2A92687900380E9B /* CryptoSwift */,
			);
			productName = "iOS client Blind GQ-IBI Runtimes";
			productReference = 543B9E3A2A92683200380E9B /* iOS client Blind GQ-IBI Runtimes.app */;
			productType = "com.apple.product-type.application";
		};
/* End PBXNativeTarget section */

/* Begin PBXProject section */
		543B9E322A92683200380E9B /* Project object */ = {
			isa = PBXProject;
			attributes = {
				BuildIndependentTargetsInParallel = 1;
				LastSwiftUpdateCheck = 1430;
				LastUpgradeCheck = 1430;
				TargetAttributes = {
					543B9E392A92683200380E9B = {
						CreatedOnToolsVersion = 14.3.1;
					};
				};
			};
			buildConfigurationList = 543B9E352A92683200380E9B /* Build configuration list for PBXProject "iOS client Blind GQ-IBI Runtimes" */;
			compatibilityVersion = "Xcode 14.0";
			developmentRegion = en;
			hasScannedForEncodings = 0;
			knownRegions = (
				en,
				Base,
			);
			mainGroup = 543B9E312A92683200380E9B;
			packageReferences = (
				543B9E4B2A92685300380E9B /* XCRemoteSwiftPackageReference "Starscream" */,
				543B9E4E2A92687900380E9B /* XCRemoteSwiftPackageReference "CryptoSwift" */,
			);
			productRefGroup = 543B9E3B2A92683200380E9B /* Products */;
			projectDirPath = "";
			projectRoot = "";
			targets = (
				543B9E392A92683200380E9B /* iOS client Blind GQ-IBI Runtimes */,
			);
		};
/* End PBXProject section */

/* Begin PBXResourcesBuildPhase section */
		543B9E382A92683200380E9B /* Resources */ = {
			isa = PBXResourcesBuildPhase;
			buildActionMask = 2147483647;
			files = (
				543B9E452A92683300380E9B /* Preview Assets.xcassets in Resources */,
				543B9E422A92683300380E9B /* Assets.xcassets in Resources */,
			);
			runOnlyForDeploymentPostprocessing = 0;
		};
/* End PBXResourcesBuildPhase section */

/* Begin PBXSourcesBuildPhase section */
		543B9E362A92683200380E9B /* Sources */ = {
			isa = PBXSourcesBuildPhase;
			buildActionMask = 2147483647;
			files = (
				543B9E402A92683200380E9B /* ContentView.swift in Sources */,
				543B9E562A92690100380E9B /* myWebSocketFunctions.swift in Sources */,
				543B9E522A92689100380E9B /* myUserClass.swift in Sources */,
				543B9E542A9268D500380E9B /* myCryptoFunctions.swift in Sources */,
				543B9E3E2A92683200380E9B /* iOS_client_Blind_GQ_IBI_RuntimesApp.swift in Sources */,
			);
			runOnlyForDeploymentPostprocessing = 0;
		};
/* End PBXSourcesBuildPhase section */

/* Begin XCBuildConfiguration section */
		543B9E462A92683300380E9B /* Debug */ = {
			isa = XCBuildConfiguration;
			buildSettings = {
				ALWAYS_SEARCH_USER_PATHS = NO;
				CLANG_ANALYZER_NONNULL = YES;
				CLANG_ANALYZER_NUMBER_OBJECT_CONVERSION = YES_AGGRESSIVE;
				CLANG_CXX_LANGUAGE_STANDARD = "gnu++20";
				CLANG_ENABLE_MODULES = YES;
				CLANG_ENABLE_OBJC_ARC = YES;
				CLANG_ENABLE_OBJC_WEAK = YES;
				CLANG_WARN_BLOCK_CAPTURE_AUTORELEASING = YES;
				CLANG_WARN_BOOL_CONVERSION = YES;
				CLANG_WARN_COMMA = YES;
				CLANG_WARN_CONSTANT_CONVERSION = YES;
				CLANG_WARN_DEPRECATED_OBJC_IMPLEMENTATIONS = YES;
				CLANG_WARN_DIRECT_OBJC_ISA_USAGE = YES_ERROR;
				CLANG_WARN_DOCUMENTATION_COMMENTS = YES;
				CLANG_WARN_EMPTY_BODY = YES;
				CLANG_WARN_ENUM_CONVERSION = YES;
				CLANG_WARN_INFINITE_RECURSION = YES;
				CLANG_WARN_INT_CONVERSION = YES;
				CLANG_WARN_NON_LITERAL_NULL_CONVERSION = YES;
				CLANG_WARN_OBJC_IMPLICIT_RETAIN_SELF = YES;
				CLANG_WARN_OBJC_LITERAL_CONVERSION = YES;
				CLANG_WARN_OBJC_ROOT_CLASS = YES_ERROR;
				CLANG_WARN_QUOTED_INCLUDE_IN_FRAMEWORK_HEADER = YES;
				CLANG_WARN_RANGE_LOOP_ANALYSIS = YES;
				CLANG_WARN_STRICT_PROTOTYPES = YES;
				CLANG_WARN_SUSPICIOUS_MOVE = YES;
				CLANG_WARN_UNGUARDED_AVAILABILITY = YES_AGGRESSIVE;
				CLANG_WARN_UNREACHABLE_CODE = YES;
				CLANG_WARN__DUPLICATE_METHOD_MATCH = YES;
				COPY_PHASE_STRIP = NO;
				DEBUG_INFORMATION_FORMAT = dwarf;
				ENABLE_STRICT_OBJC_MSGSEND = YES;
				ENABLE_TESTABILITY = YES;
				GCC_C_LANGUAGE_STANDARD = gnu11;
				GCC_DYNAMIC_NO_PIC = NO;
				GCC_NO_COMMON_BLOCKS = YES;
				GCC_OPTIMIZATION_LEVEL = 0;
				GCC_PREPROCESSOR_DEFINITIONS = (
					"DEBUG=1",
					"$(inherited)",
				);
				GCC_WARN_64_TO_32_BIT_CONVERSION = YES;
				GCC_WARN_ABOUT_RETURN_TYPE = YES_ERROR;
				GCC_WARN_UNDECLARED_SELECTOR = YES;
				GCC_WARN_UNINITIALIZED_AUTOS = YES_AGGRESSIVE;
				GCC_WARN_UNUSED_FUNCTION = YES;
				GCC_WARN_UNUSED_VARIABLE = YES;
				IPHONEOS_DEPLOYMENT_TARGET = 16.4;
				MTL_ENABLE_DEBUG_INFO = INCLUDE_SOURCE;
				MTL_FAST_MATH = YES;
				ONLY_ACTIVE_ARCH = YES;
				SDKROOT = iphoneos;
				SWIFT_ACTIVE_COMPILATION_CONDITIONS = DEBUG;
				SWIFT_OPTIMIZATION_LEVEL = "-Onone";
			};
			name = Debug;
		};
		543B9E472A92683300380E9B /* Release */ = {
			isa = XCBuildConfiguration;
			buildSettings = {
				ALWAYS_SEARCH_USER_PATHS = NO;
				CLANG_ANALYZER_NONNULL = YES;
				CLANG_ANALYZER_NUMBER_OBJECT_CONVERSION = YES_AGGRESSIVE;
				CLANG_CXX_LANGUAGE_STANDARD = "gnu++20";
				CLANG_ENABLE_MODULES = YES;
				CLANG_ENABLE_OBJC_ARC = YES;
				CLANG_ENABLE_OBJC_WEAK = YES;
				CLANG_WARN_BLOCK_CAPTURE_AUTORELEASING = YES;
				CLANG_WARN_BOOL_CONVERSION = YES;
				CLANG_WARN_COMMA = YES;
				CLANG_WARN_CONSTANT_CONVERSION = YES;
				CLANG_WARN_DEPRECATED_OBJC_IMPLEMENTATIONS = YES;
				CLANG_WARN_DIRECT_OBJC_ISA_USAGE = YES_ERROR;
				CLANG_WARN_DOCUMENTATION_COMMENTS = YES;
				CLANG_WARN_EMPTY_BODY = YES;
				CLANG_WARN_ENUM_CONVERSION = YES;
				CLANG_WARN_INFINITE_RECURSION = YES;
				CLANG_WARN_INT_CONVERSION = YES;
				CLANG_WARN_NON_LITERAL_NULL_CONVERSION = YES;
				CLANG_WARN_OBJC_IMPLICIT_RETAIN_SELF = YES;
				CLANG_WARN_OBJC_LITERAL_CONVERSION = YES;
				CLANG_WARN_OBJC_ROOT_CLASS = YES_ERROR;
				CLANG_WARN_QUOTED_INCLUDE_IN_FRAMEWORK_HEADER = YES;
				CLANG_WARN_RANGE_LOOP_ANALYSIS = YES;
				CLANG_WARN_STRICT_PROTOTYPES = YES;
				CLANG_WARN_SUSPICIOUS_MOVE = YES;
				CLANG_WARN_UNGUARDED_AVAILABILITY = YES_AGGRESSIVE;
				CLANG_WARN_UNREACHABLE_CODE = YES;
				CLANG_WARN__DUPLICATE_METHOD_MATCH = YES;
				COPY_PHASE_STRIP = NO;
				DEBUG_INFORMATION_FORMAT = "dwarf-with-dsym";
				ENABLE_NS_ASSERTIONS = NO;
				ENABLE_STRICT_OBJC_MSGSEND = YES;
				GCC_C_LANGUAGE_STANDARD = gnu11;
				GCC_NO_COMMON_BLOCKS = YES;
				GCC_WARN_64_TO_32_BIT_CONVERSION = YES;
				GCC_WARN_ABOUT_RETURN_TYPE = YES_ERROR;
				GCC_WARN_UNDECLARED_SELECTOR = YES;
				GCC_WARN_UNINITIALIZED_AUTOS = YES_AGGRESSIVE;
				GCC_WARN_UNUSED_FUNCTION = YES;
				GCC_WARN_UNUSED_VARIABLE = YES;
				IPHONEOS_DEPLOYMENT_TARGET = 16.4;
				MTL_ENABLE_DEBUG_INFO = NO;
				MTL_FAST_MATH = YES;
				SDKROOT = iphoneos;
				SWIFT_COMPILATION_MODE = wholemodule;
				SWIFT_OPTIMIZATION_LEVEL = "-O";
				VALIDATE_PRODUCT = YES;
			};
			name = Release;
		};
		543B9E492A92683300380E9B /* Debug */ = {
			isa = XCBuildConfiguration;
			buildSettings = {
				ASSETCATALOG_COMPILER_APPICON_NAME = AppIcon;
				ASSETCATALOG_COMPILER_GLOBAL_ACCENT_COLOR_NAME = AccentColor;
				CODE_SIGN_STYLE = Automatic;
				CURRENT_PROJECT_VERSION = 1;
				DEVELOPMENT_ASSET_PATHS = "\"iOS client Blind GQ-IBI Runtimes/Preview Content\"";
				DEVELOPMENT_TEAM = 3BXZQJ5LY6;
				ENABLE_PREVIEWS = YES;
				GENERATE_INFOPLIST_FILE = YES;
				INFOPLIST_KEY_UIApplicationSceneManifest_Generation = YES;
				INFOPLIST_KEY_UIApplicationSupportsIndirectInputEvents = YES;
				INFOPLIST_KEY_UILaunchScreen_Generation = YES;
				INFOPLIST_KEY_UISupportedInterfaceOrientations_iPad = "UIInterfaceOrientationPortrait UIInterfaceOrientationPortraitUpsideDown UIInterfaceOrientationLandscapeLeft UIInterfaceOrientationLandscapeRight";
				INFOPLIST_KEY_UISupportedInterfaceOrientations_iPhone = "UIInterfaceOrientationPortrait UIInterfaceOrientationLandscapeLeft UIInterfaceOrientationLandscapeRight";
				LD_RUNPATH_SEARCH_PATHS = (
					"$(inherited)",
					"@executable_path/Frameworks",
				);
				MARKETING_VERSION = 1.0;
				PRODUCT_BUNDLE_IDENTIFIER = "com.example.raadhesh.iOS-client-Blind-GQ-IBI-Runtimes";
				PRODUCT_NAME = "$(TARGET_NAME)";
				SWIFT_EMIT_LOC_STRINGS = YES;
				SWIFT_VERSION = 5.0;
				TARGETED_DEVICE_FAMILY = "1,2";
			};
			name = Debug;
		};
		543B9E4A2A92683300380E9B /* Release */ = {
			isa = XCBuildConfiguration;
			buildSettings = {
				ASSETCATALOG_COMPILER_APPICON_NAME = AppIcon;
				ASSETCATALOG_COMPILER_GLOBAL_ACCENT_COLOR_NAME = AccentColor;
				CODE_SIGN_STYLE = Automatic;
				CURRENT_PROJECT_VERSION = 1;
				DEVELOPMENT_ASSET_PATHS = "\"iOS client Blind GQ-IBI Runtimes/Preview Content\"";
				DEVELOPMENT_TEAM = 3BXZQJ5LY6;
				ENABLE_PREVIEWS = YES;
				GENERATE_INFOPLIST_FILE = YES;
				INFOPLIST_KEY_UIApplicationSceneManifest_Generation = YES;
				INFOPLIST_KEY_UIApplicationSupportsIndirectInputEvents = YES;
				INFOPLIST_KEY_UILaunchScreen_Generation = YES;
				INFOPLIST_KEY_UISupportedInterfaceOrientations_iPad = "UIInterfaceOrientationPortrait UIInterfaceOrientationPortraitUpsideDown UIInterfaceOrientationLandscapeLeft UIInterfaceOrientationLandscapeRight";
				INFOPLIST_KEY_UISupportedInterfaceOrientations_iPhone = "UIInterfaceOrientationPortrait UIInterfaceOrientationLandscapeLeft UIInterfaceOrientationLandscapeRight";
				LD_RUNPATH_SEARCH_PATHS = (
					"$(inherited)",
					"@executable_path/Frameworks",
				);
				MARKETING_VERSION = 1.0;
				PRODUCT_BUNDLE_IDENTIFIER = "com.example.raadhesh.iOS-client-Blind-GQ-IBI-Runtimes";
				PRODUCT_NAME = "$(TARGET_NAME)";
				SWIFT_EMIT_LOC_STRINGS = YES;
				SWIFT_VERSION = 5.0;
				TARGETED_DEVICE_FAMILY = "1,2";
			};
			name = Release;
		};
/* End XCBuildConfiguration section */

/* Begin XCConfigurationList section */
		543B9E352A92683200380E9B /* Build configuration list for PBXProject "iOS client Blind GQ-IBI Runtimes" */ = {
			isa = XCConfigurationList;
			buildConfigurations = (
				543B9E462A92683300380E9B /* Debug */,
				543B9E472A92683300380E9B /* Release */,
			);
			defaultConfigurationIsVisible = 0;
			defaultConfigurationName = Release;
		};
		543B9E482A92683300380E9B /* Build configuration list for PBXNativeTarget "iOS client Blind GQ-IBI Runtimes" */ = {
			isa = XCConfigurationList;
			buildConfigurations = (
				543B9E492A92683300380E9B /* Debug */,
				543B9E4A2A92683300380E9B /* Release */,
			);
			defaultConfigurationIsVisible = 0;
			defaultConfigurationName = Release;
		};
/* End XCConfigurationList section */

/* Begin XCRemoteSwiftPackageReference section */
		543B9E4B2A92685300380E9B /* XCRemoteSwiftPackageReference "Starscream" */ = {
			isa = XCRemoteSwiftPackageReference;
			repositoryURL = "https://github.com/daltoniam/Starscream.git";
			requirement = {
				kind = upToNextMajorVersion;
				minimumVersion = 4.0.0;
			};
		};
		543B9E4E2A92687900380E9B /* XCRemoteSwiftPackageReference "CryptoSwift" */ = {
			isa = XCRemoteSwiftPackageReference;
			repositoryURL = "https://github.com/krzyzanowskim/CryptoSwift";
			requirement = {
				kind = upToNextMajorVersion;
				minimumVersion = 1.0.0;
			};
		};
/* End XCRemoteSwiftPackageReference section */

/* Begin XCSwiftPackageProductDependency section */
		543B9E4C2A92685300380E9B /* Starscream */ = {
			isa = XCSwiftPackageProductDependency;
			package = 543B9E4B2A92685300380E9B /* XCRemoteSwiftPackageReference "Starscream" */;
			productName = Starscream;
		};
		543B9E4F2A92687900380E9B /* CryptoSwift */ = {
			isa = XCSwiftPackageProductDependency;
			package = 543B9E4E2A92687900380E9B /* XCRemoteSwiftPackageReference "CryptoSwift" */;
			productName = CryptoSwift;
		};
/* End XCSwiftPackageProductDependency section */
	};
	rootObject = 543B9E322A92683200380E9B /* Project object */;
}
